
Microsoft Visual Studio Solution File, Format Version 12.00
# Visual Studio 14
VisualStudioVersion = 14.0.23107.0
MinimumVisualStudioVersion = 10.0.40219.1
Project("{FAE04EC0-301F-11D3-BF4B-00C04F79EFBC}") = "Common", "Common\Common.csproj", "{B72B9CD5-3924-4042-B4C0-F9A4F20B44B5}"
EndProject
Project("{FAE04EC0-301F-11D3-BF4B-00C04F79EFBC}") = "BusinessLayer", "BusinessLayer\BusinessLayer.csproj", "{AA9B6122-AF2C-4F4A-83E8-9FD17BD3ECD2}"
EndProject
Project("{FAE04EC0-301F-11D3-BF4B-00C04F79EFBC}") = "Storefront", "SoccerHighlightsStore\Storefront.csproj", "{6A9C89F2-A889-4577-BF36-3F844D18A90C}"
EndProject
Project("{FAE04EC0-301F-11D3-BF4B-00C04F79EFBC}") = "DataAccessLayer", "DataAccessLayer\DataAccessLayer.csproj", "{9BDF2A5C-B996-4AE3-9971-74937C7A6514}"
EndProject
Project("{FAE04EC0-301F-11D3-BF4B-00C04F79EFBC}") = "StorefrontTests", "StorefrontTests\StorefrontTests.csproj", "{B3B7CD28-454C-44B2-8E96-AABC639AE275}"
EndProject
Global
	GlobalSection(SolutionConfigurationPlatforms) = preSolution
		Debug|Any CPU = Debug|Any CPU
		Release|Any CPU = Release|Any CPU
	EndGlobalSection
	GlobalSection(ProjectConfigurationPlatforms) = postSolution
		{B72B9CD5-3924-4042-B4C0-F9A4F20B44B5}.Debug|Any CPU.ActiveCfg = Debug|Any CPU
		{B72B9CD5-3924-4042-B4C0-F9A4F20B44B5}.Debug|Any CPU.Build.0 = Debug|Any CPU
		{B72B9CD5-3924-4042-B4C0-F9A4F20B44B5}.Release|Any CPU.ActiveCfg = Release|Any CPU
		{B72B9CD5-3924-4042-B4C0-F9A4F20B44B5}.Release|Any CPU.Build.0 = Release|Any CPU
		{AA9B6122-AF2C-4F4A-83E8-9FD17BD3ECD2}.Debug|Any CPU.ActiveCfg = Debug|Any CPU
		{AA9B6122-AF2C-4F4A-83E8-9FD17BD3ECD2}.Debug|Any CPU.Build.0 = Debug|Any CPU
		{AA9B6122-AF2C-4F4A-83E8-9FD17BD3ECD2}.Release|Any CPU.ActiveCfg = Release|Any CPU
		{AA9B6122-AF2C-4F4A-83E8-9FD17BD3ECD2}.Release|Any CPU.Build.0 = Release|Any CPU
		{6A9C89F2-A889-4577-BF36-3F844D18A90C}.Debug|Any CPU.ActiveCfg = Debug|Any CPU
		{6A9C89F2-A889-4577-BF36-3F844D18A90C}.Debug|Any CPU.Build.0 = Debug|Any CPU
		{6A9C89F2-A889-4577-BF36-3F844D18A90C}.Release|Any CPU.ActiveCfg = Release|Any CPU
		{6A9C89F2-A889-4577-BF36-3F844D18A90C}.Release|Any CPU.Build.0 = Release|Any CPU
		{9BDF2A5C-B996-4AE3-9971-74937C7A6514}.Debug|Any CPU.ActiveCfg = Debug|Any CPU
		{9BDF2A5C-B996-4AE3-9971-74937C7A6514}.Debug|Any CPU.Build.0 = Debug|Any CPU
		{9BDF2A5C-B996-4AE3-9971-74937C7A6514}.Release|Any CPU.ActiveCfg = Release|Any CPU
		{9BDF2A5C-B996-4AE3-9971-74937C7A6514}.Release|Any CPU.Build.0 = Release|Any CPU
		{B3B7CD28-454C-44B2-8E96-AABC639AE275}.Debug|Any CPU.ActiveCfg = Debug|Any CPU
		{B3B7CD28-454C-44B2-8E96-AABC639AE275}.Debug|Any CPU.Build.0 = Debug|Any CPU
		{B3B7CD28-454C-44B2-8E96-AABC639AE275}.Release|Any CPU.ActiveCfg = Release|Any CPU
		{B3B7CD28-454C-44B2-8E96-AABC639AE275}.Release|Any CPU.Build.0 = Release|Any CPU
	EndGlobalSection
	GlobalSection(SolutionProperties) = preSolution
		HideSolutionNode = FALSE
	EndGlobalSection
EndGlobal
